{
  "name": "grammarly",
  "lockfileVersion": 3,
  "requires": true,
  "packages": {
    "": {
      "dependencies": {
        "@grammarly/editor-sdk": "^2.3.18"
      }
    },
    "node_modules/@grammarly/editor-sdk": {
      "version": "2.3.18",
      "resolved": "https://registry.npmjs.org/@grammarly/editor-sdk/-/editor-sdk-2.3.18.tgz",
      "integrity": "sha512-Vt9GlfwCCNwoklMnJpNZRkEn8ELF8OcOh4R5R+Nsk644QBclfx9rgoht8bAIfw+cOJqdILNErZiqzqCHQ0Yr4w=="
    }
  }
  
}
